
Microsoft Visual Studio Solution File, Format Version 12.00
# Visual Studio Version 17
VisualStudioVersion = 17.8.34330.188
MinimumVisualStudioVersion = 10.0.40219.1
Project("{FAE04EC0-301F-11D3-BF4B-00C04F79EFBC}") = "Fusion Tool", "Fusion Tool\Fusion Tool.csproj", "{689B97EB-AFF8-43CC-B6C0-4C955016D93E}"
EndProject
Global
	GlobalSection(SolutionConfigurationPlatforms) = preSolution
		Debug|Any CPU = Debug|Any CPU
		Release|Any CPU = Release|Any CPU
	EndGlobalSection
	GlobalSection(ProjectConfigurationPlatforms) = postSolution
		{689B97EB-AFF8-43CC-B6C0-4C955016D93E}.Debug|Any CPU.ActiveCfg = Debug|Any CPU
		{689B97EB-AFF8-43CC-B6C0-4C955016D93E}.Debug|Any CPU.Build.0 = Debug|Any CPU
		{689B97EB-AFF8-43CC-B6C0-4C955016D93E}.Release|Any CPU.ActiveCfg = Release|Any CPU
		{689B97EB-AFF8-43CC-B6C0-4C955016D93E}.Release|Any CPU.Build.0 = Release|Any CPU
	EndGlobalSection
	GlobalSection(SolutionProperties) = preSolution
		HideSolutionNode = FALSE
	EndGlobalSection
	GlobalSection(ExtensibilityGlobals) = postSolution
		SolutionGuid = {713C296B-3322-4E2D-9034-543832C834A1}
	EndGlobalSection
EndGlobal
